
Microsoft Visual Studio Solution File, Format Version 12.00
# Visual Studio 2013
VisualStudioVersion = 12.0.31101.0
MinimumVisualStudioVersion = 10.0.40219.1
Project("{8BC9CEB8-8B4A-11D0-8D11-00A0C91BC942}") = "interview", "interview\interview.vcxproj", "{E62150C7-515D-41A4-AB4D-81EB57E98321}"
EndProject
Project("{8BC9CEB8-8B4A-11D0-8D11-00A0C91BC942}") = "mySort", "mySort\mySort.vcxproj", "{5679B1AF-3789-44F4-9869-D971E7A51F2D}"
EndProject
Project("{8BC9CEB8-8B4A-11D0-8D11-00A0C91BC942}") = "weiyunsuan", "weiyunsuan\weiyunsuan.vcxproj", "{6367A9F7-C6A5-4C31-BB9E-2119419D327B}"
EndProject
Project("{8BC9CEB8-8B4A-11D0-8D11-00A0C91BC942}") = "testMainFunction", "testMainFunction\testMainFunction.vcxproj", "{6D1FC57E-9775-428F-8F29-72707AE0749D}"
EndProject
Project("{8BC9CEB8-8B4A-11D0-8D11-00A0C91BC942}") = "2DimensionalArray", "2DimensionalArray\2DimensionalArray.vcxproj", "{B2D56A26-644D-4D53-A9AC-D870B6310341}"
EndProject
Project("{8BC9CEB8-8B4A-11D0-8D11-00A0C91BC942}") = "enum", "enum\enum.vcxproj", "{E4C43571-6918-43DB-ADE7-F344A1AECE8A}"
EndProject
Project("{8BC9CEB8-8B4A-11D0-8D11-00A0C91BC942}") = "testPing", "testPing\testPing.vcxproj", "{5ADB0CE5-DDA0-49A6-824F-B11E60564421}"
EndProject
Project("{8BC9CEB8-8B4A-11D0-8D11-00A0C91BC942}") = "DLL", "DLL\DLL.vcxproj", "{280C765B-39C0-40A2-966D-C34A150C1F2B}"
EndProject
Project("{8BC9CEB8-8B4A-11D0-8D11-00A0C91BC942}") = "TestDll", "TestDll\TestDll.vcxproj", "{0F336D59-A68D-44BB-A717-769118FFC234}"
EndProject
Project("{8BC9CEB8-8B4A-11D0-8D11-00A0C91BC942}") = "LinkList", "LinkList\LinkList.vcxproj", "{20B25BE7-450D-4AC1-BBA8-67789324EF87}"
EndProject
Project("{8BC9CEB8-8B4A-11D0-8D11-00A0C91BC942}") = "素数", "素数\素数.vcxproj", "{4D698C0C-E2CF-468D-BE09-D4B52F9B4359}"
EndProject
Project("{8BC9CEB8-8B4A-11D0-8D11-00A0C91BC942}") = "Sort", "Sort\Sort.vcxproj", "{88FA1309-3556-47F2-BDFD-F0837BE91153}"
EndProject
Project("{8BC9CEB8-8B4A-11D0-8D11-00A0C91BC942}") = "BinTree", "BinTree\BinTree.vcxproj", "{FAF07008-B3E3-4CC6-AD43-84794D3AE20E}"
EndProject
Project("{8BC9CEB8-8B4A-11D0-8D11-00A0C91BC942}") = "BST", "BST\BST.vcxproj", "{3B9F146E-B82A-4D70-8AA2-4714F747B067}"
EndProject
Project("{8BC9CEB8-8B4A-11D0-8D11-00A0C91BC942}") = "Test", "Test\Test.vcxproj", "{01FF82D7-D161-4814-8397-8A317DCBCA97}"
EndProject
Project("{8BC9CEB8-8B4A-11D0-8D11-00A0C91BC942}") = "hanoi", "hanoi\hanoi.vcxproj", "{484C13F3-F7B4-4EEF-9B36-2F154BF9EBF2}"
EndProject
Project("{8BC9CEB8-8B4A-11D0-8D11-00A0C91BC942}") = "prim", "prim\prim.vcxproj", "{32120868-2ED8-444F-A945-89BED6FDD4AE}"
EndProject
Project("{8BC9CEB8-8B4A-11D0-8D11-00A0C91BC942}") = "effectiveSTL19", "effectiveSTL19\effectiveSTL19.vcxproj", "{43662BC3-1382-428B-8ACC-40873DA025DD}"
EndProject
Project("{8BC9CEB8-8B4A-11D0-8D11-00A0C91BC942}") = "reverseOutputInt", "reverseOutputInt\reverseOutputInt.vcxproj", "{F2E8CDDD-5DDB-4526-BC9A-40B68FDF8BDF}"
EndProject
Project("{8BC9CEB8-8B4A-11D0-8D11-00A0C91BC942}") = "effectiveCpp20", "effectiveCpp20\effectiveCpp20.vcxproj", "{AEAD84BF-6F88-4621-B2F4-3EB1B77DE373}"
EndProject
Project("{8BC9CEB8-8B4A-11D0-8D11-00A0C91BC942}") = "memManage", "memManage\memManage.vcxproj", "{A6015096-F4D3-49DA-BDEF-992387154B54}"
EndProject
Project("{8BC9CEB8-8B4A-11D0-8D11-00A0C91BC942}") = "MaxMin", "MaxMin\MaxMin.vcxproj", "{DEA52C0E-6CFB-4F3D-BF20-A45D640E4432}"
EndProject
Project("{8BC9CEB8-8B4A-11D0-8D11-00A0C91BC942}") = "DynamicProgram", "DynamicProgram\DynamicProgram.vcxproj", "{021EA47B-81AB-44E8-8623-FB87ECA1BDF1}"
EndProject
Project("{8BC9CEB8-8B4A-11D0-8D11-00A0C91BC942}") = "DoubleLinkList", "DoubleLinkList\DoubleLinkList.vcxproj", "{99A84D26-7368-41D0-B4DC-3512BB796E0E}"
EndProject
Project("{8BC9CEB8-8B4A-11D0-8D11-00A0C91BC942}") = "CircularList", "CircularList\CircularList.vcxproj", "{28BD59C3-8052-42E4-895B-4189BD42D769}"
EndProject
Project("{8BC9CEB8-8B4A-11D0-8D11-00A0C91BC942}") = "recursion", "recursion\recursion.vcxproj", "{CA3B42BE-1EA8-4C50-8908-EDB448A38571}"
EndProject
Project("{8BC9CEB8-8B4A-11D0-8D11-00A0C91BC942}") = "paraList", "paraList\paraList.vcxproj", "{15E0B0A1-3A83-49B5-BB50-3C8591B352EE}"
EndProject
Project("{8BC9CEB8-8B4A-11D0-8D11-00A0C91BC942}") = "string", "string\string.vcxproj", "{8182C0CC-B595-4ABB-8D2E-4AD73137F38C}"
EndProject
Project("{8BC9CEB8-8B4A-11D0-8D11-00A0C91BC942}") = "RTTI", "RTTI\RTTI.vcxproj", "{5C4BD40E-7CC3-43FD-A26E-159605F9FD1E}"
EndProject
Project("{8BC9CEB8-8B4A-11D0-8D11-00A0C91BC942}") = "Permutation", "Permutation\Permutation.vcxproj", "{2F9906B2-CDB8-401D-825F-015513C530F9}"
EndProject
Project("{8BC9CEB8-8B4A-11D0-8D11-00A0C91BC942}") = "AdvanceDebugInVS", "AdvanceDebugInVS\AdvanceDebugInVS.vcxproj", "{02E7CAFE-F8FE-40BF-9334-1448BE2556A5}"
EndProject
Project("{8BC9CEB8-8B4A-11D0-8D11-00A0C91BC942}") = "stack", "stack\stack.vcxproj", "{210F5A22-A2C7-4B1B-8E29-FE7874C08532}"
EndProject
Project("{8BC9CEB8-8B4A-11D0-8D11-00A0C91BC942}") = "queue", "queue\queue.vcxproj", "{E7B2AC7D-6C02-4958-AD03-E08519E97DD7}"
EndProject
Project("{8BC9CEB8-8B4A-11D0-8D11-00A0C91BC942}") = "hashTable", "hashTable\hashTable.vcxproj", "{0F858EAF-DA65-4228-80D1-1ADD03C3046C}"
EndProject
Project("{8BC9CEB8-8B4A-11D0-8D11-00A0C91BC942}") = "array", "array\array.vcxproj", "{FE7DC0DA-371E-47D4-BD31-E080557C540D}"
EndProject
Global
	GlobalSection(SolutionConfigurationPlatforms) = preSolution
		Debug|Win32 = Debug|Win32
		Debug|x64 = Debug|x64
		Release|Win32 = Release|Win32
		Release|x64 = Release|x64
	EndGlobalSection
	GlobalSection(ProjectConfigurationPlatforms) = postSolution
		{E62150C7-515D-41A4-AB4D-81EB57E98321}.Debug|Win32.ActiveCfg = Debug|Win32
		{E62150C7-515D-41A4-AB4D-81EB57E98321}.Debug|Win32.Build.0 = Debug|Win32
		{E62150C7-515D-41A4-AB4D-81EB57E98321}.Debug|x64.ActiveCfg = Debug|x64
		{E62150C7-515D-41A4-AB4D-81EB57E98321}.Debug|x64.Build.0 = Debug|x64
		{E62150C7-515D-41A4-AB4D-81EB57E98321}.Release|Win32.ActiveCfg = Release|Win32
		{E62150C7-515D-41A4-AB4D-81EB57E98321}.Release|Win32.Build.0 = Release|Win32
		{E62150C7-515D-41A4-AB4D-81EB57E98321}.Release|x64.ActiveCfg = Release|x64
		{E62150C7-515D-41A4-AB4D-81EB57E98321}.Release|x64.Build.0 = Release|x64
		{5679B1AF-3789-44F4-9869-D971E7A51F2D}.Debug|Win32.ActiveCfg = Debug|Win32
		{5679B1AF-3789-44F4-9869-D971E7A51F2D}.Debug|Win32.Build.0 = Debug|Win32
		{5679B1AF-3789-44F4-9869-D971E7A51F2D}.Debug|x64.ActiveCfg = Debug|x64
		{5679B1AF-3789-44F4-9869-D971E7A51F2D}.Debug|x64.Build.0 = Debug|x64
		{5679B1AF-3789-44F4-9869-D971E7A51F2D}.Release|Win32.ActiveCfg = Release|Win32
		{5679B1AF-3789-44F4-9869-D971E7A51F2D}.Release|Win32.Build.0 = Release|Win32
		{5679B1AF-3789-44F4-9869-D971E7A51F2D}.Release|x64.ActiveCfg = Release|x64
		{5679B1AF-3789-44F4-9869-D971E7A51F2D}.Release|x64.Build.0 = Release|x64
		{6367A9F7-C6A5-4C31-BB9E-2119419D327B}.Debug|Win32.ActiveCfg = Debug|Win32
		{6367A9F7-C6A5-4C31-BB9E-2119419D327B}.Debug|Win32.Build.0 = Debug|Win32
		{6367A9F7-C6A5-4C31-BB9E-2119419D327B}.Debug|x64.ActiveCfg = Debug|x64
		{6367A9F7-C6A5-4C31-BB9E-2119419D327B}.Debug|x64.Build.0 = Debug|x64
		{6367A9F7-C6A5-4C31-BB9E-2119419D327B}.Release|Win32.ActiveCfg = Release|Win32
		{6367A9F7-C6A5-4C31-BB9E-2119419D327B}.Release|Win32.Build.0 = Release|Win32
		{6367A9F7-C6A5-4C31-BB9E-2119419D327B}.Release|x64.ActiveCfg = Release|x64
		{6367A9F7-C6A5-4C31-BB9E-2119419D327B}.Release|x64.Build.0 = Release|x64
		{6D1FC57E-9775-428F-8F29-72707AE0749D}.Debug|Win32.ActiveCfg = Debug|Win32
		{6D1FC57E-9775-428F-8F29-72707AE0749D}.Debug|Win32.Build.0 = Debug|Win32
		{6D1FC57E-9775-428F-8F29-72707AE0749D}.Debug|x64.ActiveCfg = Debug|x64
		{6D1FC57E-9775-428F-8F29-72707AE0749D}.Debug|x64.Build.0 = Debug|x64
		{6D1FC57E-9775-428F-8F29-72707AE0749D}.Release|Win32.ActiveCfg = Release|Win32
		{6D1FC57E-9775-428F-8F29-72707AE0749D}.Release|Win32.Build.0 = Release|Win32
		{6D1FC57E-9775-428F-8F29-72707AE0749D}.Release|x64.ActiveCfg = Release|x64
		{6D1FC57E-9775-428F-8F29-72707AE0749D}.Release|x64.Build.0 = Release|x64
		{B2D56A26-644D-4D53-A9AC-D870B6310341}.Debug|Win32.ActiveCfg = Debug|Win32
		{B2D56A26-644D-4D53-A9AC-D870B6310341}.Debug|Win32.Build.0 = Debug|Win32
		{B2D56A26-644D-4D53-A9AC-D870B6310341}.Debug|x64.ActiveCfg = Debug|x64
		{B2D56A26-644D-4D53-A9AC-D870B6310341}.Debug|x64.Build.0 = Debug|x64
		{B2D56A26-644D-4D53-A9AC-D870B6310341}.Release|Win32.ActiveCfg = Release|Win32
		{B2D56A26-644D-4D53-A9AC-D870B6310341}.Release|Win32.Build.0 = Release|Win32
		{B2D56A26-644D-4D53-A9AC-D870B6310341}.Release|x64.ActiveCfg = Release|x64
		{B2D56A26-644D-4D53-A9AC-D870B6310341}.Release|x64.Build.0 = Release|x64
		{E4C43571-6918-43DB-ADE7-F344A1AECE8A}.Debug|Win32.ActiveCfg = Debug|Win32
		{E4C43571-6918-43DB-ADE7-F344A1AECE8A}.Debug|Win32.Build.0 = Debug|Win32
		{E4C43571-6918-43DB-ADE7-F344A1AECE8A}.Debug|x64.ActiveCfg = Debug|x64
		{E4C43571-6918-43DB-ADE7-F344A1AECE8A}.Debug|x64.Build.0 = Debug|x64
		{E4C43571-6918-43DB-ADE7-F344A1AECE8A}.Release|Win32.ActiveCfg = Release|Win32
		{E4C43571-6918-43DB-ADE7-F344A1AECE8A}.Release|Win32.Build.0 = Release|Win32
		{E4C43571-6918-43DB-ADE7-F344A1AECE8A}.Release|x64.ActiveCfg = Release|x64
		{E4C43571-6918-43DB-ADE7-F344A1AECE8A}.Release|x64.Build.0 = Release|x64
		{5ADB0CE5-DDA0-49A6-824F-B11E60564421}.Debug|Win32.ActiveCfg = Debug|Win32
		{5ADB0CE5-DDA0-49A6-824F-B11E60564421}.Debug|Win32.Build.0 = Debug|Win32
		{5ADB0CE5-DDA0-49A6-824F-B11E60564421}.Debug|x64.ActiveCfg = Debug|x64
		{5ADB0CE5-DDA0-49A6-824F-B11E60564421}.Debug|x64.Build.0 = Debug|x64
		{5ADB0CE5-DDA0-49A6-824F-B11E60564421}.Release|Win32.ActiveCfg = Release|Win32
		{5ADB0CE5-DDA0-49A6-824F-B11E60564421}.Release|Win32.Build.0 = Release|Win32
		{5ADB0CE5-DDA0-49A6-824F-B11E60564421}.Release|x64.ActiveCfg = Release|x64
		{5ADB0CE5-DDA0-49A6-824F-B11E60564421}.Release|x64.Build.0 = Release|x64
		{280C765B-39C0-40A2-966D-C34A150C1F2B}.Debug|Win32.ActiveCfg = Debug|Win32
		{280C765B-39C0-40A2-966D-C34A150C1F2B}.Debug|Win32.Build.0 = Debug|Win32
		{280C765B-39C0-40A2-966D-C34A150C1F2B}.Debug|x64.ActiveCfg = Debug|x64
		{280C765B-39C0-40A2-966D-C34A150C1F2B}.Debug|x64.Build.0 = Debug|x64
		{280C765B-39C0-40A2-966D-C34A150C1F2B}.Release|Win32.ActiveCfg = Release|Win32
		{280C765B-39C0-40A2-966D-C34A150C1F2B}.Release|Win32.Build.0 = Release|Win32
		{280C765B-39C0-40A2-966D-C34A150C1F2B}.Release|x64.ActiveCfg = Release|x64
		{280C765B-39C0-40A2-966D-C34A150C1F2B}.Release|x64.Build.0 = Release|x64
		{0F336D59-A68D-44BB-A717-769118FFC234}.Debug|Win32.ActiveCfg = Debug|Win32
		{0F336D59-A68D-44BB-A717-769118FFC234}.Debug|Win32.Build.0 = Debug|Win32
		{0F336D59-A68D-44BB-A717-769118FFC234}.Debug|x64.ActiveCfg = Debug|x64
		{0F336D59-A68D-44BB-A717-769118FFC234}.Debug|x64.Build.0 = Debug|x64
		{0F336D59-A68D-44BB-A717-769118FFC234}.Release|Win32.ActiveCfg = Release|Win32
		{0F336D59-A68D-44BB-A717-769118FFC234}.Release|Win32.Build.0 = Release|Win32
		{0F336D59-A68D-44BB-A717-769118FFC234}.Release|x64.ActiveCfg = Release|x64
		{0F336D59-A68D-44BB-A717-769118FFC234}.Release|x64.Build.0 = Release|x64
		{20B25BE7-450D-4AC1-BBA8-67789324EF87}.Debug|Win32.ActiveCfg = Debug|Win32
		{20B25BE7-450D-4AC1-BBA8-67789324EF87}.Debug|Win32.Build.0 = Debug|Win32
		{20B25BE7-450D-4AC1-BBA8-67789324EF87}.Debug|x64.ActiveCfg = Debug|x64
		{20B25BE7-450D-4AC1-BBA8-67789324EF87}.Debug|x64.Build.0 = Debug|x64
		{20B25BE7-450D-4AC1-BBA8-67789324EF87}.Release|Win32.ActiveCfg = Release|Win32
		{20B25BE7-450D-4AC1-BBA8-67789324EF87}.Release|Win32.Build.0 = Release|Win32
		{20B25BE7-450D-4AC1-BBA8-67789324EF87}.Release|x64.ActiveCfg = Release|x64
		{20B25BE7-450D-4AC1-BBA8-67789324EF87}.Release|x64.Build.0 = Release|x64
		{4D698C0C-E2CF-468D-BE09-D4B52F9B4359}.Debug|Win32.ActiveCfg = Debug|Win32
		{4D698C0C-E2CF-468D-BE09-D4B52F9B4359}.Debug|Win32.Build.0 = Debug|Win32
		{4D698C0C-E2CF-468D-BE09-D4B52F9B4359}.Debug|x64.ActiveCfg = Debug|x64
		{4D698C0C-E2CF-468D-BE09-D4B52F9B4359}.Debug|x64.Build.0 = Debug|x64
		{4D698C0C-E2CF-468D-BE09-D4B52F9B4359}.Release|Win32.ActiveCfg = Release|Win32
		{4D698C0C-E2CF-468D-BE09-D4B52F9B4359}.Release|Win32.Build.0 = Release|Win32
		{4D698C0C-E2CF-468D-BE09-D4B52F9B4359}.Release|x64.ActiveCfg = Release|x64
		{4D698C0C-E2CF-468D-BE09-D4B52F9B4359}.Release|x64.Build.0 = Release|x64
		{88FA1309-3556-47F2-BDFD-F0837BE91153}.Debug|Win32.ActiveCfg = Debug|Win32
		{88FA1309-3556-47F2-BDFD-F0837BE91153}.Debug|Win32.Build.0 = Debug|Win32
		{88FA1309-3556-47F2-BDFD-F0837BE91153}.Debug|x64.ActiveCfg = Debug|x64
		{88FA1309-3556-47F2-BDFD-F0837BE91153}.Debug|x64.Build.0 = Debug|x64
		{88FA1309-3556-47F2-BDFD-F0837BE91153}.Release|Win32.ActiveCfg = Release|Win32
		{88FA1309-3556-47F2-BDFD-F0837BE91153}.Release|Win32.Build.0 = Release|Win32
		{88FA1309-3556-47F2-BDFD-F0837BE91153}.Release|x64.ActiveCfg = Release|x64
		{88FA1309-3556-47F2-BDFD-F0837BE91153}.Release|x64.Build.0 = Release|x64
		{FAF07008-B3E3-4CC6-AD43-84794D3AE20E}.Debug|Win32.ActiveCfg = Debug|Win32
		{FAF07008-B3E3-4CC6-AD43-84794D3AE20E}.Debug|Win32.Build.0 = Debug|Win32
		{FAF07008-B3E3-4CC6-AD43-84794D3AE20E}.Debug|x64.ActiveCfg = Debug|x64
		{FAF07008-B3E3-4CC6-AD43-84794D3AE20E}.Debug|x64.Build.0 = Debug|x64
		{FAF07008-B3E3-4CC6-AD43-84794D3AE20E}.Release|Win32.ActiveCfg = Release|Win32
		{FAF07008-B3E3-4CC6-AD43-84794D3AE20E}.Release|Win32.Build.0 = Release|Win32
		{FAF07008-B3E3-4CC6-AD43-84794D3AE20E}.Release|x64.ActiveCfg = Release|x64
		{FAF07008-B3E3-4CC6-AD43-84794D3AE20E}.Release|x64.Build.0 = Release|x64
		{3B9F146E-B82A-4D70-8AA2-4714F747B067}.Debug|Win32.ActiveCfg = Debug|Win32
		{3B9F146E-B82A-4D70-8AA2-4714F747B067}.Debug|Win32.Build.0 = Debug|Win32
		{3B9F146E-B82A-4D70-8AA2-4714F747B067}.Debug|x64.ActiveCfg = Debug|x64
		{3B9F146E-B82A-4D70-8AA2-4714F747B067}.Debug|x64.Build.0 = Debug|x64
		{3B9F146E-B82A-4D70-8AA2-4714F747B067}.Release|Win32.ActiveCfg = Release|Win32
		{3B9F146E-B82A-4D70-8AA2-4714F747B067}.Release|Win32.Build.0 = Release|Win32
		{3B9F146E-B82A-4D70-8AA2-4714F747B067}.Release|x64.ActiveCfg = Release|x64
		{3B9F146E-B82A-4D70-8AA2-4714F747B067}.Release|x64.Build.0 = Release|x64
		{01FF82D7-D161-4814-8397-8A317DCBCA97}.Debug|Win32.ActiveCfg = Debug|Win32
		{01FF82D7-D161-4814-8397-8A317DCBCA97}.Debug|Win32.Build.0 = Debug|Win32
		{01FF82D7-D161-4814-8397-8A317DCBCA97}.Debug|x64.ActiveCfg = Debug|x64
		{01FF82D7-D161-4814-8397-8A317DCBCA97}.Debug|x64.Build.0 = Debug|x64
		{01FF82D7-D161-4814-8397-8A317DCBCA97}.Release|Win32.ActiveCfg = Release|Win32
		{01FF82D7-D161-4814-8397-8A317DCBCA97}.Release|Win32.Build.0 = Release|Win32
		{01FF82D7-D161-4814-8397-8A317DCBCA97}.Release|x64.ActiveCfg = Release|x64
		{01FF82D7-D161-4814-8397-8A317DCBCA97}.Release|x64.Build.0 = Release|x64
		{484C13F3-F7B4-4EEF-9B36-2F154BF9EBF2}.Debug|Win32.ActiveCfg = Debug|Win32
		{484C13F3-F7B4-4EEF-9B36-2F154BF9EBF2}.Debug|Win32.Build.0 = Debug|Win32
		{484C13F3-F7B4-4EEF-9B36-2F154BF9EBF2}.Debug|x64.ActiveCfg = Debug|x64
		{484C13F3-F7B4-4EEF-9B36-2F154BF9EBF2}.Debug|x64.Build.0 = Debug|x64
		{484C13F3-F7B4-4EEF-9B36-2F154BF9EBF2}.Release|Win32.ActiveCfg = Release|Win32
		{484C13F3-F7B4-4EEF-9B36-2F154BF9EBF2}.Release|Win32.Build.0 = Release|Win32
		{484C13F3-F7B4-4EEF-9B36-2F154BF9EBF2}.Release|x64.ActiveCfg = Release|x64
		{484C13F3-F7B4-4EEF-9B36-2F154BF9EBF2}.Release|x64.Build.0 = Release|x64
		{32120868-2ED8-444F-A945-89BED6FDD4AE}.Debug|Win32.ActiveCfg = Debug|Win32
		{32120868-2ED8-444F-A945-89BED6FDD4AE}.Debug|Win32.Build.0 = Debug|Win32
		{32120868-2ED8-444F-A945-89BED6FDD4AE}.Debug|x64.ActiveCfg = Debug|x64
		{32120868-2ED8-444F-A945-89BED6FDD4AE}.Debug|x64.Build.0 = Debug|x64
		{32120868-2ED8-444F-A945-89BED6FDD4AE}.Release|Win32.ActiveCfg = Release|Win32
		{32120868-2ED8-444F-A945-89BED6FDD4AE}.Release|Win32.Build.0 = Release|Win32
		{32120868-2ED8-444F-A945-89BED6FDD4AE}.Release|x64.ActiveCfg = Release|x64
		{32120868-2ED8-444F-A945-89BED6FDD4AE}.Release|x64.Build.0 = Release|x64
		{43662BC3-1382-428B-8ACC-40873DA025DD}.Debug|Win32.ActiveCfg = Debug|Win32
		{43662BC3-1382-428B-8ACC-40873DA025DD}.Debug|Win32.Build.0 = Debug|Win32
		{43662BC3-1382-428B-8ACC-40873DA025DD}.Debug|x64.ActiveCfg = Debug|x64
		{43662BC3-1382-428B-8ACC-40873DA025DD}.Debug|x64.Build.0 = Debug|x64
		{43662BC3-1382-428B-8ACC-40873DA025DD}.Release|Win32.ActiveCfg = Release|Win32
		{43662BC3-1382-428B-8ACC-40873DA025DD}.Release|Win32.Build.0 = Release|Win32
		{43662BC3-1382-428B-8ACC-40873DA025DD}.Release|x64.ActiveCfg = Release|x64
		{43662BC3-1382-428B-8ACC-40873DA025DD}.Release|x64.Build.0 = Release|x64
		{F2E8CDDD-5DDB-4526-BC9A-40B68FDF8BDF}.Debug|Win32.ActiveCfg = Debug|Win32
		{F2E8CDDD-5DDB-4526-BC9A-40B68FDF8BDF}.Debug|Win32.Build.0 = Debug|Win32
		{F2E8CDDD-5DDB-4526-BC9A-40B68FDF8BDF}.Debug|x64.ActiveCfg = Debug|x64
		{F2E8CDDD-5DDB-4526-BC9A-40B68FDF8BDF}.Debug|x64.Build.0 = Debug|x64
		{F2E8CDDD-5DDB-4526-BC9A-40B68FDF8BDF}.Release|Win32.ActiveCfg = Release|Win32
		{F2E8CDDD-5DDB-4526-BC9A-40B68FDF8BDF}.Release|Win32.Build.0 = Release|Win32
		{F2E8CDDD-5DDB-4526-BC9A-40B68FDF8BDF}.Release|x64.ActiveCfg = Release|x64
		{F2E8CDDD-5DDB-4526-BC9A-40B68FDF8BDF}.Release|x64.Build.0 = Release|x64
		{AEAD84BF-6F88-4621-B2F4-3EB1B77DE373}.Debug|Win32.ActiveCfg = Debug|Win32
		{AEAD84BF-6F88-4621-B2F4-3EB1B77DE373}.Debug|Win32.Build.0 = Debug|Win32
		{AEAD84BF-6F88-4621-B2F4-3EB1B77DE373}.Debug|x64.ActiveCfg = Debug|x64
		{AEAD84BF-6F88-4621-B2F4-3EB1B77DE373}.Debug|x64.Build.0 = Debug|x64
		{AEAD84BF-6F88-4621-B2F4-3EB1B77DE373}.Release|Win32.ActiveCfg = Release|Win32
		{AEAD84BF-6F88-4621-B2F4-3EB1B77DE373}.Release|Win32.Build.0 = Release|Win32
		{AEAD84BF-6F88-4621-B2F4-3EB1B77DE373}.Release|x64.ActiveCfg = Release|x64
		{AEAD84BF-6F88-4621-B2F4-3EB1B77DE373}.Release|x64.Build.0 = Release|x64
		{A6015096-F4D3-49DA-BDEF-992387154B54}.Debug|Win32.ActiveCfg = Debug|Win32
		{A6015096-F4D3-49DA-BDEF-992387154B54}.Debug|Win32.Build.0 = Debug|Win32
		{A6015096-F4D3-49DA-BDEF-992387154B54}.Debug|x64.ActiveCfg = Debug|x64
		{A6015096-F4D3-49DA-BDEF-992387154B54}.Debug|x64.Build.0 = Debug|x64
		{A6015096-F4D3-49DA-BDEF-992387154B54}.Release|Win32.ActiveCfg = Release|Win32
		{A6015096-F4D3-49DA-BDEF-992387154B54}.Release|Win32.Build.0 = Release|Win32
		{A6015096-F4D3-49DA-BDEF-992387154B54}.Release|x64.ActiveCfg = Release|x64
		{A6015096-F4D3-49DA-BDEF-992387154B54}.Release|x64.Build.0 = Release|x64
		{DEA52C0E-6CFB-4F3D-BF20-A45D640E4432}.Debug|Win32.ActiveCfg = Debug|Win32
		{DEA52C0E-6CFB-4F3D-BF20-A45D640E4432}.Debug|Win32.Build.0 = Debug|Win32
		{DEA52C0E-6CFB-4F3D-BF20-A45D640E4432}.Debug|x64.ActiveCfg = Debug|Win32
		{DEA52C0E-6CFB-4F3D-BF20-A45D640E4432}.Release|Win32.ActiveCfg = Release|Win32
		{DEA52C0E-6CFB-4F3D-BF20-A45D640E4432}.Release|Win32.Build.0 = Release|Win32
		{DEA52C0E-6CFB-4F3D-BF20-A45D640E4432}.Release|x64.ActiveCfg = Release|Win32
		{021EA47B-81AB-44E8-8623-FB87ECA1BDF1}.Debug|Win32.ActiveCfg = Debug|Win32
		{021EA47B-81AB-44E8-8623-FB87ECA1BDF1}.Debug|Win32.Build.0 = Debug|Win32
		{021EA47B-81AB-44E8-8623-FB87ECA1BDF1}.Debug|x64.ActiveCfg = Debug|Win32
		{021EA47B-81AB-44E8-8623-FB87ECA1BDF1}.Release|Win32.ActiveCfg = Release|Win32
		{021EA47B-81AB-44E8-8623-FB87ECA1BDF1}.Release|Win32.Build.0 = Release|Win32
		{021EA47B-81AB-44E8-8623-FB87ECA1BDF1}.Release|x64.ActiveCfg = Release|Win32
		{99A84D26-7368-41D0-B4DC-3512BB796E0E}.Debug|Win32.ActiveCfg = Debug|Win32
		{99A84D26-7368-41D0-B4DC-3512BB796E0E}.Debug|Win32.Build.0 = Debug|Win32
		{99A84D26-7368-41D0-B4DC-3512BB796E0E}.Debug|x64.ActiveCfg = Debug|Win32
		{99A84D26-7368-41D0-B4DC-3512BB796E0E}.Release|Win32.ActiveCfg = Release|Win32
		{99A84D26-7368-41D0-B4DC-3512BB796E0E}.Release|Win32.Build.0 = Release|Win32
		{99A84D26-7368-41D0-B4DC-3512BB796E0E}.Release|x64.ActiveCfg = Release|Win32
		{28BD59C3-8052-42E4-895B-4189BD42D769}.Debug|Win32.ActiveCfg = Debug|Win32
		{28BD59C3-8052-42E4-895B-4189BD42D769}.Debug|Win32.Build.0 = Debug|Win32
		{28BD59C3-8052-42E4-895B-4189BD42D769}.Debug|x64.ActiveCfg = Debug|Win32
		{28BD59C3-8052-42E4-895B-4189BD42D769}.Release|Win32.ActiveCfg = Release|Win32
		{28BD59C3-8052-42E4-895B-4189BD42D769}.Release|Win32.Build.0 = Release|Win32
		{28BD59C3-8052-42E4-895B-4189BD42D769}.Release|x64.ActiveCfg = Release|Win32
		{CA3B42BE-1EA8-4C50-8908-EDB448A38571}.Debug|Win32.ActiveCfg = Debug|Win32
		{CA3B42BE-1EA8-4C50-8908-EDB448A38571}.Debug|Win32.Build.0 = Debug|Win32
		{CA3B42BE-1EA8-4C50-8908-EDB448A38571}.Debug|x64.ActiveCfg = Debug|Win32
		{CA3B42BE-1EA8-4C50-8908-EDB448A38571}.Release|Win32.ActiveCfg = Release|Win32
		{CA3B42BE-1EA8-4C50-8908-EDB448A38571}.Release|Win32.Build.0 = Release|Win32
		{CA3B42BE-1EA8-4C50-8908-EDB448A38571}.Release|x64.ActiveCfg = Release|Win32
		{15E0B0A1-3A83-49B5-BB50-3C8591B352EE}.Debug|Win32.ActiveCfg = Debug|Win32
		{15E0B0A1-3A83-49B5-BB50-3C8591B352EE}.Debug|Win32.Build.0 = Debug|Win32
		{15E0B0A1-3A83-49B5-BB50-3C8591B352EE}.Debug|x64.ActiveCfg = Debug|Win32
		{15E0B0A1-3A83-49B5-BB50-3C8591B352EE}.Release|Win32.ActiveCfg = Release|Win32
		{15E0B0A1-3A83-49B5-BB50-3C8591B352EE}.Release|Win32.Build.0 = Release|Win32
		{15E0B0A1-3A83-49B5-BB50-3C8591B352EE}.Release|x64.ActiveCfg = Release|Win32
		{8182C0CC-B595-4ABB-8D2E-4AD73137F38C}.Debug|Win32.ActiveCfg = Debug|Win32
		{8182C0CC-B595-4ABB-8D2E-4AD73137F38C}.Debug|Win32.Build.0 = Debug|Win32
		{8182C0CC-B595-4ABB-8D2E-4AD73137F38C}.Debug|x64.ActiveCfg = Debug|Win32
		{8182C0CC-B595-4ABB-8D2E-4AD73137F38C}.Release|Win32.ActiveCfg = Release|Win32
		{8182C0CC-B595-4ABB-8D2E-4AD73137F38C}.Release|Win32.Build.0 = Release|Win32
		{8182C0CC-B595-4ABB-8D2E-4AD73137F38C}.Release|x64.ActiveCfg = Release|Win32
		{5C4BD40E-7CC3-43FD-A26E-159605F9FD1E}.Debug|Win32.ActiveCfg = Debug|Win32
		{5C4BD40E-7CC3-43FD-A26E-159605F9FD1E}.Debug|Win32.Build.0 = Debug|Win32
		{5C4BD40E-7CC3-43FD-A26E-159605F9FD1E}.Debug|x64.ActiveCfg = Debug|Win32
		{5C4BD40E-7CC3-43FD-A26E-159605F9FD1E}.Release|Win32.ActiveCfg = Release|Win32
		{5C4BD40E-7CC3-43FD-A26E-159605F9FD1E}.Release|Win32.Build.0 = Release|Win32
		{5C4BD40E-7CC3-43FD-A26E-159605F9FD1E}.Release|x64.ActiveCfg = Release|Win32
		{2F9906B2-CDB8-401D-825F-015513C530F9}.Debug|Win32.ActiveCfg = Debug|Win32
		{2F9906B2-CDB8-401D-825F-015513C530F9}.Debug|Win32.Build.0 = Debug|Win32
		{2F9906B2-CDB8-401D-825F-015513C530F9}.Debug|x64.ActiveCfg = Debug|Win32
		{2F9906B2-CDB8-401D-825F-015513C530F9}.Release|Win32.ActiveCfg = Release|Win32
		{2F9906B2-CDB8-401D-825F-015513C530F9}.Release|Win32.Build.0 = Release|Win32
		{2F9906B2-CDB8-401D-825F-015513C530F9}.Release|x64.ActiveCfg = Release|Win32
		{02E7CAFE-F8FE-40BF-9334-1448BE2556A5}.Debug|Win32.ActiveCfg = Debug|Win32
		{02E7CAFE-F8FE-40BF-9334-1448BE2556A5}.Debug|Win32.Build.0 = Debug|Win32
		{02E7CAFE-F8FE-40BF-9334-1448BE2556A5}.Debug|x64.ActiveCfg = Debug|Win32
		{02E7CAFE-F8FE-40BF-9334-1448BE2556A5}.Release|Win32.ActiveCfg = Release|Win32
		{02E7CAFE-F8FE-40BF-9334-1448BE2556A5}.Release|Win32.Build.0 = Release|Win32
		{02E7CAFE-F8FE-40BF-9334-1448BE2556A5}.Release|x64.ActiveCfg = Release|Win32
		{210F5A22-A2C7-4B1B-8E29-FE7874C08532}.Debug|Win32.ActiveCfg = Debug|Win32
		{210F5A22-A2C7-4B1B-8E29-FE7874C08532}.Debug|Win32.Build.0 = Debug|Win32
		{210F5A22-A2C7-4B1B-8E29-FE7874C08532}.Debug|x64.ActiveCfg = Debug|Win32
		{210F5A22-A2C7-4B1B-8E29-FE7874C08532}.Release|Win32.ActiveCfg = Release|Win32
		{210F5A22-A2C7-4B1B-8E29-FE7874C08532}.Release|Win32.Build.0 = Release|Win32
		{210F5A22-A2C7-4B1B-8E29-FE7874C08532}.Release|x64.ActiveCfg = Release|Win32
		{E7B2AC7D-6C02-4958-AD03-E08519E97DD7}.Debug|Win32.ActiveCfg = Debug|Win32
		{E7B2AC7D-6C02-4958-AD03-E08519E97DD7}.Debug|Win32.Build.0 = Debug|Win32
		{E7B2AC7D-6C02-4958-AD03-E08519E97DD7}.Debug|x64.ActiveCfg = Debug|Win32
		{E7B2AC7D-6C02-4958-AD03-E08519E97DD7}.Release|Win32.ActiveCfg = Release|Win32
		{E7B2AC7D-6C02-4958-AD03-E08519E97DD7}.Release|Win32.Build.0 = Release|Win32
		{E7B2AC7D-6C02-4958-AD03-E08519E97DD7}.Release|x64.ActiveCfg = Release|Win32
		{0F858EAF-DA65-4228-80D1-1ADD03C3046C}.Debug|Win32.ActiveCfg = Debug|Win32
		{0F858EAF-DA65-4228-80D1-1ADD03C3046C}.Debug|Win32.Build.0 = Debug|Win32
		{0F858EAF-DA65-4228-80D1-1ADD03C3046C}.Debug|x64.ActiveCfg = Debug|Win32
		{0F858EAF-DA65-4228-80D1-1ADD03C3046C}.Release|Win32.ActiveCfg = Release|Win32
		{0F858EAF-DA65-4228-80D1-1ADD03C3046C}.Release|Win32.Build.0 = Release|Win32
		{0F858EAF-DA65-4228-80D1-1ADD03C3046C}.Release|x64.ActiveCfg = Release|Win32
		{FE7DC0DA-371E-47D4-BD31-E080557C540D}.Debug|Win32.ActiveCfg = Debug|Win32
		{FE7DC0DA-371E-47D4-BD31-E080557C540D}.Debug|Win32.Build.0 = Debug|Win32
		{FE7DC0DA-371E-47D4-BD31-E080557C540D}.Debug|x64.ActiveCfg = Debug|Win32
		{FE7DC0DA-371E-47D4-BD31-E080557C540D}.Release|Win32.ActiveCfg = Release|Win32
		{FE7DC0DA-371E-47D4-BD31-E080557C540D}.Release|Win32.Build.0 = Release|Win32
		{FE7DC0DA-371E-47D4-BD31-E080557C540D}.Release|x64.ActiveCfg = Release|Win32
	EndGlobalSection
	GlobalSection(SolutionProperties) = preSolution
		HideSolutionNode = FALSE
	EndGlobalSection
	GlobalSection(Performance) = preSolution
		HasPerformanceSessions = true
	EndGlobalSection
EndGlobal
